
Microsoft Visual Studio Solution File, Format Version 12.00
# Visual Studio 2012
Project("{FAE04EC0-301F-11D3-BF4B-00C04F79EFBC}") = "GraphyPCL", "GraphyPCL\GraphyPCL.csproj", "{63EC28D8-5AB0-4DCF-9B00-56BC88D0B309}"
EndProject
Project("{FAE04EC0-301F-11D3-BF4B-00C04F79EFBC}") = "GraphyPCL.iOS", "GraphyPCL.iOS\GraphyPCL.iOS.csproj", "{9FDE488E-30B9-45CF-9789-2A354091F661}"
EndProject
Global
	GlobalSection(SolutionConfigurationPlatforms) = preSolution
		Debug|Any CPU = Debug|Any CPU
		Release|Any CPU = Release|Any CPU
		Debug|iPhoneSimulator = Debug|iPhoneSimulator
		Release|iPhoneSimulator = Release|iPhoneSimulator
		Debug|iPhone = Debug|iPhone
		Release|iPhone = Release|iPhone
		Ad-Hoc|iPhone = Ad-Hoc|iPhone
		AppStore|iPhone = AppStore|iPhone
	EndGlobalSection
	GlobalSection(ProjectConfigurationPlatforms) = postSolution
		{63EC28D8-5AB0-4DCF-9B00-56BC88D0B309}.Ad-Hoc|iPhone.ActiveCfg = Debug|Any CPU
		{63EC28D8-5AB0-4DCF-9B00-56BC88D0B309}.Ad-Hoc|iPhone.Build.0 = Debug|Any CPU
		{63EC28D8-5AB0-4DCF-9B00-56BC88D0B309}.AppStore|iPhone.ActiveCfg = Debug|Any CPU
		{63EC28D8-5AB0-4DCF-9B00-56BC88D0B309}.AppStore|iPhone.Build.0 = Debug|Any CPU
		{63EC28D8-5AB0-4DCF-9B00-56BC88D0B309}.Debug|Any CPU.ActiveCfg = Debug|Any CPU
		{63EC28D8-5AB0-4DCF-9B00-56BC88D0B309}.Debug|Any CPU.Build.0 = Debug|Any CPU
		{63EC28D8-5AB0-4DCF-9B00-56BC88D0B309}.Debug|iPhone.ActiveCfg = Debug|Any CPU
		{63EC28D8-5AB0-4DCF-9B00-56BC88D0B309}.Debug|iPhone.Build.0 = Debug|Any CPU
		{63EC28D8-5AB0-4DCF-9B00-56BC88D0B309}.Debug|iPhoneSimulator.ActiveCfg = Debug|Any CPU
		{63EC28D8-5AB0-4DCF-9B00-56BC88D0B309}.Debug|iPhoneSimulator.Build.0 = Debug|Any CPU
		{63EC28D8-5AB0-4DCF-9B00-56BC88D0B309}.Release|Any CPU.ActiveCfg = Release|Any CPU
		{63EC28D8-5AB0-4DCF-9B00-56BC88D0B309}.Release|Any CPU.Build.0 = Release|Any CPU
		{63EC28D8-5AB0-4DCF-9B00-56BC88D0B309}.Release|iPhone.ActiveCfg = Release|Any CPU
		{63EC28D8-5AB0-4DCF-9B00-56BC88D0B309}.Release|iPhone.Build.0 = Release|Any CPU
		{63EC28D8-5AB0-4DCF-9B00-56BC88D0B309}.Release|iPhoneSimulator.ActiveCfg = Release|Any CPU
		{63EC28D8-5AB0-4DCF-9B00-56BC88D0B309}.Release|iPhoneSimulator.Build.0 = Release|Any CPU
		{9FDE488E-30B9-45CF-9789-2A354091F661}.Ad-Hoc|iPhone.ActiveCfg = Ad-Hoc|iPhone
		{9FDE488E-30B9-45CF-9789-2A354091F661}.Ad-Hoc|iPhone.Build.0 = Ad-Hoc|iPhone
		{9FDE488E-30B9-45CF-9789-2A354091F661}.AppStore|iPhone.ActiveCfg = AppStore|iPhone
		{9FDE488E-30B9-45CF-9789-2A354091F661}.AppStore|iPhone.Build.0 = AppStore|iPhone
		{9FDE488E-30B9-45CF-9789-2A354091F661}.Debug|Any CPU.ActiveCfg = Debug|iPhoneSimulator
		{9FDE488E-30B9-45CF-9789-2A354091F661}.Debug|Any CPU.Build.0 = Debug|iPhoneSimulator
		{9FDE488E-30B9-45CF-9789-2A354091F661}.Debug|iPhone.ActiveCfg = Debug|iPhone
		{9FDE488E-30B9-45CF-9789-2A354091F661}.Debug|iPhone.Build.0 = Debug|iPhone
		{9FDE488E-30B9-45CF-9789-2A354091F661}.Debug|iPhoneSimulator.ActiveCfg = Debug|iPhoneSimulator
		{9FDE488E-30B9-45CF-9789-2A354091F661}.Debug|iPhoneSimulator.Build.0 = Debug|iPhoneSimulator
		{9FDE488E-30B9-45CF-9789-2A354091F661}.Release|Any CPU.ActiveCfg = Release|iPhoneSimulator
		{9FDE488E-30B9-45CF-9789-2A354091F661}.Release|Any CPU.Build.0 = Release|iPhoneSimulator
		{9FDE488E-30B9-45CF-9789-2A354091F661}.Release|iPhone.ActiveCfg = Release|iPhone
		{9FDE488E-30B9-45CF-9789-2A354091F661}.Release|iPhone.Build.0 = Release|iPhone
		{9FDE488E-30B9-45CF-9789-2A354091F661}.Release|iPhoneSimulator.ActiveCfg = Release|iPhoneSimulator
		{9FDE488E-30B9-45CF-9789-2A354091F661}.Release|iPhoneSimulator.Build.0 = Release|iPhoneSimulator
	EndGlobalSection
	GlobalSection(MonoDevelopProperties) = preSolution
		StartupItem = GraphyPCL.iOS\GraphyPCL.iOS.csproj
	EndGlobalSection
EndGlobal
